github.com/go-telegram/bot v0.7.13 h1:8VUBXtYwdh0skrCx6oORSrT0M9ZZaKIKIX3hC3XBs1A=
github.com/go-telegram/bot v0.7.13/go.mod h1:i2TRs7fXWIeaceF3z7KzsMt/he0TwkVC680mvdTFYeM=
github.com/go-telegram/bot v0.8.0 h1:LQZwaU5eqfXzeUIqDBOLrk6/Lu26zqwnBs5BOKQl7fU=
github.com/go-telegram/bot v0.8.0/go.mod h1:i2TRs7fXWIeaceF3z7KzsMt/he0TwkVC680mvdTFYeM=
github.com/go-telegram/bot v1.0.1 h1:Rxg5H6WLN36n1YWzw61O/+krbNM12E+d+BowkrFEcWA=
github.com/go-telegram/bot v1.0.1/go.mod h1:i2TRs7fXWIeaceF3z7KzsMt/he0TwkVC680mvdTFYeM=
